
Microsoft Visual Studio Solution File, Format Version 12.00
# Visual Studio 14
VisualStudioVersion = 14.0.23107.0
MinimumVisualStudioVersion = 10.0.40219.1
Project("{FAE04EC0-301F-11D3-BF4B-00C04F79EFBC}") = "Boil.WebAPI", "Boil.WebAPI\Boil.WebAPI.csproj", "{96AA62B1-F825-48CA-A9C5-105DC0832ED7}"
EndProject
Project("{E24C65DC-7377-472B-9ABA-BC803B73C61A}") = "Boil.Client", "Boil.Client\", "{3FFA997D-FAD1-44C1-938F-E8A97DF87ADF}"
	ProjectSection(WebsiteProperties) = preProject
		TargetFrameworkMoniker = ".NETFramework,Version%3Dv4.5.1"
		Debug.AspNetCompiler.VirtualPath = "/localhost_52223"
		Debug.AspNetCompiler.PhysicalPath = "Boil.Client\"
		Debug.AspNetCompiler.TargetPath = "PrecompiledWeb\localhost_52223\"
		Debug.AspNetCompiler.Updateable = "true"
		Debug.AspNetCompiler.ForceOverwrite = "true"
		Debug.AspNetCompiler.FixedNames = "false"
		Debug.AspNetCompiler.Debug = "True"
		Release.AspNetCompiler.VirtualPath = "/localhost_52223"
		Release.AspNetCompiler.PhysicalPath = "Boil.Client\"
		Release.AspNetCompiler.TargetPath = "PrecompiledWeb\localhost_52223\"
		Release.AspNetCompiler.Updateable = "true"
		Release.AspNetCompiler.ForceOverwrite = "true"
		Release.AspNetCompiler.FixedNames = "false"
		Release.AspNetCompiler.Debug = "False"
		VWDPort = "52223"
		SlnRelativePath = "Boil.Client\"
		DefaultWebSiteLanguage = "Visual C#"
	EndProjectSection
EndProject
Project("{FAE04EC0-301F-11D3-BF4B-00C04F79EFBC}") = "Boiler", "Boiler\Boiler.csproj", "{1FA0714F-217D-4B89-9E99-FF308C119C26}"
EndProject
Global
	GlobalSection(SolutionConfigurationPlatforms) = preSolution
		Debug|Any CPU = Debug|Any CPU
		Release|Any CPU = Release|Any CPU
	EndGlobalSection
	GlobalSection(ProjectConfigurationPlatforms) = postSolution
		{96AA62B1-F825-48CA-A9C5-105DC0832ED7}.Debug|Any CPU.ActiveCfg = Debug|Any CPU
		{96AA62B1-F825-48CA-A9C5-105DC0832ED7}.Debug|Any CPU.Build.0 = Debug|Any CPU
		{96AA62B1-F825-48CA-A9C5-105DC0832ED7}.Release|Any CPU.ActiveCfg = Release|Any CPU
		{96AA62B1-F825-48CA-A9C5-105DC0832ED7}.Release|Any CPU.Build.0 = Release|Any CPU
		{3FFA997D-FAD1-44C1-938F-E8A97DF87ADF}.Debug|Any CPU.ActiveCfg = Debug|Any CPU
		{3FFA997D-FAD1-44C1-938F-E8A97DF87ADF}.Debug|Any CPU.Build.0 = Debug|Any CPU
		{3FFA997D-FAD1-44C1-938F-E8A97DF87ADF}.Release|Any CPU.ActiveCfg = Debug|Any CPU
		{3FFA997D-FAD1-44C1-938F-E8A97DF87ADF}.Release|Any CPU.Build.0 = Debug|Any CPU
		{1FA0714F-217D-4B89-9E99-FF308C119C26}.Debug|Any CPU.ActiveCfg = Debug|Any CPU
		{1FA0714F-217D-4B89-9E99-FF308C119C26}.Debug|Any CPU.Build.0 = Debug|Any CPU
		{1FA0714F-217D-4B89-9E99-FF308C119C26}.Release|Any CPU.ActiveCfg = Release|Any CPU
		{1FA0714F-217D-4B89-9E99-FF308C119C26}.Release|Any CPU.Build.0 = Release|Any CPU
	EndGlobalSection
	GlobalSection(SolutionProperties) = preSolution
		HideSolutionNode = FALSE
	EndGlobalSection
EndGlobal
